
Microsoft Visual Studio Solution File, Format Version 12.00
# Visual Studio 2012
Project("{FAE04EC0-301F-11D3-BF4B-00C04F79EFBC}") = "MainCorreo", "MainCorreo\MainCorreo.csproj", "{A7E4EEDF-8627-47FE-B684-FCAAF9F5B9E3}"
EndProject
Project("{FAE04EC0-301F-11D3-BF4B-00C04F79EFBC}") = "Entidades", "Entidades\Entidades.csproj", "{5C439435-E55F-4B42-BD7A-CEA47595273A}"
EndProject
Project("{FAE04EC0-301F-11D3-BF4B-00C04F79EFBC}") = "TestUnitario", "TestUnitario\TestUnitario.csproj", "{77D24671-4CA2-4486-9784-F86B597139F2}"
EndProject
Global
	GlobalSection(SolutionConfigurationPlatforms) = preSolution
		Debug|Any CPU = Debug|Any CPU
		Release|Any CPU = Release|Any CPU
	EndGlobalSection
	GlobalSection(ProjectConfigurationPlatforms) = postSolution
		{A7E4EEDF-8627-47FE-B684-FCAAF9F5B9E3}.Debug|Any CPU.ActiveCfg = Debug|Any CPU
		{A7E4EEDF-8627-47FE-B684-FCAAF9F5B9E3}.Debug|Any CPU.Build.0 = Debug|Any CPU
		{A7E4EEDF-8627-47FE-B684-FCAAF9F5B9E3}.Release|Any CPU.ActiveCfg = Release|Any CPU
		{A7E4EEDF-8627-47FE-B684-FCAAF9F5B9E3}.Release|Any CPU.Build.0 = Release|Any CPU
		{5C439435-E55F-4B42-BD7A-CEA47595273A}.Debug|Any CPU.ActiveCfg = Debug|Any CPU
		{5C439435-E55F-4B42-BD7A-CEA47595273A}.Debug|Any CPU.Build.0 = Debug|Any CPU
		{5C439435-E55F-4B42-BD7A-CEA47595273A}.Release|Any CPU.ActiveCfg = Release|Any CPU
		{5C439435-E55F-4B42-BD7A-CEA47595273A}.Release|Any CPU.Build.0 = Release|Any CPU
		{77D24671-4CA2-4486-9784-F86B597139F2}.Debug|Any CPU.ActiveCfg = Debug|Any CPU
		{77D24671-4CA2-4486-9784-F86B597139F2}.Debug|Any CPU.Build.0 = Debug|Any CPU
		{77D24671-4CA2-4486-9784-F86B597139F2}.Release|Any CPU.ActiveCfg = Release|Any CPU
		{77D24671-4CA2-4486-9784-F86B597139F2}.Release|Any CPU.Build.0 = Release|Any CPU
	EndGlobalSection
	GlobalSection(SolutionProperties) = preSolution
		HideSolutionNode = FALSE
	EndGlobalSection
EndGlobal
